
Microsoft Visual Studio Solution File, Format Version 12.00
# Visual Studio Version 17
VisualStudioVersion = 17.14.36327.8 d17.14
MinimumVisualStudioVersion = 10.0.40219.1
Project("{FAE04EC0-301F-11D3-BF4B-00C04F79EFBC}") = "DiaryApp", "DiaryApp\DiaryApp.csproj", "{817A57DC-EA27-4C1A-8967-445D558C51A6}"
EndProject
Global
	GlobalSection(SolutionConfigurationPlatforms) = preSolution
		Debug|Any CPU = Debug|Any CPU
		Release|Any CPU = Release|Any CPU
	EndGlobalSection
	GlobalSection(ProjectConfigurationPlatforms) = postSolution
		{817A57DC-EA27-4C1A-8967-445D558C51A6}.Debug|Any CPU.ActiveCfg = Debug|Any CPU
		{817A57DC-EA27-4C1A-8967-445D558C51A6}.Debug|Any CPU.Build.0 = Debug|Any CPU
		{817A57DC-EA27-4C1A-8967-445D558C51A6}.Release|Any CPU.ActiveCfg = Release|Any CPU
		{817A57DC-EA27-4C1A-8967-445D558C51A6}.Release|Any CPU.Build.0 = Release|Any CPU
	EndGlobalSection
	GlobalSection(SolutionProperties) = preSolution
		HideSolutionNode = FALSE
	EndGlobalSection
	GlobalSection(ExtensibilityGlobals) = postSolution
		SolutionGuid = {C68824BC-E95E-44A1-BDE6-64E90B04F97A}
	EndGlobalSection
EndGlobal
